
Microsoft Visual Studio Solution File, Format Version 12.00
# Visual Studio Version 17
VisualStudioVersion = 17.3.32611.2
MinimumVisualStudioVersion = 10.0.40219.1
Project("{FAE04EC0-301F-11D3-BF4B-00C04F79EFBC}") = "Ejercicio 5-6", "Ejercicio 5-6\Ejercicio 5-6.csproj", "{8FE358EA-F414-4BAD-9988-2C4CA5075B93}"
EndProject
Global
	GlobalSection(SolutionConfigurationPlatforms) = preSolution
		Debug|Any CPU = Debug|Any CPU
		Release|Any CPU = Release|Any CPU
	EndGlobalSection
	GlobalSection(ProjectConfigurationPlatforms) = postSolution
		{8FE358EA-F414-4BAD-9988-2C4CA5075B93}.Debug|Any CPU.ActiveCfg = Debug|Any CPU
		{8FE358EA-F414-4BAD-9988-2C4CA5075B93}.Debug|Any CPU.Build.0 = Debug|Any CPU
		{8FE358EA-F414-4BAD-9988-2C4CA5075B93}.Release|Any CPU.ActiveCfg = Release|Any CPU
		{8FE358EA-F414-4BAD-9988-2C4CA5075B93}.Release|Any CPU.Build.0 = Release|Any CPU
	EndGlobalSection
	GlobalSection(SolutionProperties) = preSolution
		HideSolutionNode = FALSE
	EndGlobalSection
	GlobalSection(ExtensibilityGlobals) = postSolution
		SolutionGuid = {30197D23-436F-48B3-B5F9-0561479AE2D0}
	EndGlobalSection
EndGlobal
